// !$*UTF8*$!
{
	archiveVersion = 1;
	classes = {
	};
	objectVersion = 46;
	objects = {

/* Begin PBXBuildFile section */
		84E8E20C1CAAE88200F2E0BE /* CollateralsViewController.swift in Sources */ = {isa = PBXBuildFile; fileRef = 84E8E20B1CAAE88200F2E0BE /* CollateralsViewController.swift */; };
		84E936481CAB0AEF002F4BF8 /* FilePreviewViewController.swift in Sources */ = {isa = PBXBuildFile; fileRef = 84E936471CAB0AEF002F4BF8 /* FilePreviewViewController.swift */; };
		C667CF601C80542E007B7567 /* Task.swift in Sources */ = {isa = PBXBuildFile; fileRef = C667CF5F1C80542E007B7567 /* Task.swift */; };
		C667CF621C805643007B7567 /* TasksViewController.swift in Sources */ = {isa = PBXBuildFile; fileRef = C667CF611C805643007B7567 /* TasksViewController.swift */; };
		C667CF641C83499A007B7567 /* TaskCell.swift in Sources */ = {isa = PBXBuildFile; fileRef = C667CF631C83499A007B7567 /* TaskCell.swift */; };
		C667CF661C834F49007B7567 /* TaskDetailsViewController.swift in Sources */ = {isa = PBXBuildFile; fileRef = C667CF651C834F49007B7567 /* TaskDetailsViewController.swift */; };
		C667CF681C835970007B7567 /* AddTaskViewController.swift in Sources */ = {isa = PBXBuildFile; fileRef = C667CF671C835970007B7567 /* AddTaskViewController.swift */; };
		C68100F21C804F540060269B /* TrainingAppTests.swift in Sources */ = {isa = PBXBuildFile; fileRef = C68100F01C804F540060269B /* TrainingAppTests.swift */; };
		C68100F81C804F9F0060269B /* TrainingAppUITests.swift in Sources */ = {isa = PBXBuildFile; fileRef = C68100F61C804F9F0060269B /* TrainingAppUITests.swift */; };
		C68101091C80500C0060269B /* AppDelegate.swift in Sources */ = {isa = PBXBuildFile; fileRef = C68100FA1C80500C0060269B /* AppDelegate.swift */; };
		C681010A1C80500C0060269B /* Assets.xcassets in Resources */ = {isa = PBXBuildFile; fileRef = C68100FB1C80500C0060269B /* Assets.xcassets */; };
		C681010B1C80500C0060269B /* LaunchScreen.storyboard in Resources */ = {isa = PBXBuildFile; fileRef = C68100FC1C80500C0060269B /* LaunchScreen.storyboard */; };
		C681010C1C80500C0060269B /* Main.storyboard in Resources */ = {isa = PBXBuildFile; fileRef = C68100FE1C80500C0060269B /* Main.storyboard */; };
		C681010D1C80500C0060269B /* Book.swift in Sources */ = {isa = PBXBuildFile; fileRef = C68101001C80500C0060269B /* Book.swift */; };
		C68101101C80500C0060269B /* LoginViewController.swift in Sources */ = {isa = PBXBuildFile; fileRef = C68101031C80500C0060269B /* LoginViewController.swift */; };
		C68101121C80500C0060269B /* Partner.swift in Sources */ = {isa = PBXBuildFile; fileRef = C68101051C80500C0060269B /* Partner.swift */; };
		C68101131C80500C0060269B /* PartnersViewController.swift in Sources */ = {isa = PBXBuildFile; fileRef = C68101061C80500C0060269B /* PartnersViewController.swift */; };
		C68101141C80500C0060269B /* Product.swift in Sources */ = {isa = PBXBuildFile; fileRef = C68101071C80500C0060269B /* Product.swift */; };
		C68101151C80500C0060269B /* ProductsViewController.swift in Sources */ = {isa = PBXBuildFile; fileRef = C68101081C80500C0060269B /* ProductsViewController.swift */; };
		EDB7A1859530BD672E0F56D2 /* Pods_TrainingApp.framework in Frameworks */ = {isa = PBXBuildFile; fileRef = 3887632010D2FA9BD11C913D /* Pods_TrainingApp.framework */; };
		F23E4EE71CBD5CFA0004F75D /* Employee.swift in Sources */ = {isa = PBXBuildFile; fileRef = F23E4EE61CBD5CFA0004F75D /* Employee.swift */; };
		F23E4EE91CBD5D8D0004F75D /* Media.swift in Sources */ = {isa = PBXBuildFile; fileRef = F23E4EE81CBD5D8D0004F75D /* Media.swift */; };
		F23E4EED1CBD5EB10004F75D /* MediaViewController.swift in Sources */ = {isa = PBXBuildFile; fileRef = F23E4EEC1CBD5EB10004F75D /* MediaViewController.swift */; };
		F25DAE0E1CAD47DF00E53301 /* KeychainAccess.framework in Frameworks */ = {isa = PBXBuildFile; fileRef = F25DAE0A1CAD47DF00E53301 /* KeychainAccess.framework */; };
		F25DAE0F1CAD47DF00E53301 /* KeychainAccess.framework in CopyFiles */ = {isa = PBXBuildFile; fileRef = F25DAE0A1CAD47DF00E53301 /* KeychainAccess.framework */; settings = {ATTRIBUTES = (CodeSignOnCopy, RemoveHeadersOnCopy, ); }; };
		F25DAE101CAD47DF00E53301 /* Kinvey.framework in Frameworks */ = {isa = PBXBuildFile; fileRef = F25DAE0B1CAD47DF00E53301 /* Kinvey.framework */; };
		F25DAE111CAD47DF00E53301 /* Kinvey.framework in CopyFiles */ = {isa = PBXBuildFile; fileRef = F25DAE0B1CAD47DF00E53301 /* Kinvey.framework */; settings = {ATTRIBUTES = (CodeSignOnCopy, RemoveHeadersOnCopy, ); }; };
		F25DAE121CAD47DF00E53301 /* PromiseKit.framework in Frameworks */ = {isa = PBXBuildFile; fileRef = F25DAE0C1CAD47DF00E53301 /* PromiseKit.framework */; };
		F25DAE131CAD47DF00E53301 /* PromiseKit.framework in CopyFiles */ = {isa = PBXBuildFile; fileRef = F25DAE0C1CAD47DF00E53301 /* PromiseKit.framework */; settings = {ATTRIBUTES = (CodeSignOnCopy, RemoveHeadersOnCopy, ); }; };
		F25DAE141CAD47DF00E53301 /* Realm.framework in Frameworks */ = {isa = PBXBuildFile; fileRef = F25DAE0D1CAD47DF00E53301 /* Realm.framework */; };
		F25DAE151CAD47DF00E53301 /* Realm.framework in CopyFiles */ = {isa = PBXBuildFile; fileRef = F25DAE0D1CAD47DF00E53301 /* Realm.framework */; settings = {ATTRIBUTES = (CodeSignOnCopy, RemoveHeadersOnCopy, ); }; };
		F29DA0761CBD897B00A99224 /* AddMediaViewController.swift in Sources */ = {isa = PBXBuildFile; fileRef = F29DA0751CBD897B00A99224 /* AddMediaViewController.swift */; };
		F29DA0781CBE8CF700A99224 /* AddPartnerViewController.swift in Sources */ = {isa = PBXBuildFile; fileRef = F29DA0771CBE8CF700A99224 /* AddPartnerViewController.swift */; };
		F29DA07A1CBFF0BF00A99224 /* LogoutViewController.swift in Sources */ = {isa = PBXBuildFile; fileRef = F29DA0791CBFF0BF00A99224 /* LogoutViewController.swift */; };
/* End PBXBuildFile section */

/* Begin PBXContainerItemProxy section */
		5701ABA11C6916A900D7D9BB /* PBXContainerItemProxy */ = {
			isa = PBXContainerItemProxy;
			containerPortal = 5701AB821C6916A900D7D9BB /* Project object */;
			proxyType = 1;
			remoteGlobalIDString = 5701AB891C6916A900D7D9BB;
			remoteInfo = TrainingApp;
		};
		5701ABAC1C6916A900D7D9BB /* PBXContainerItemProxy */ = {
			isa = PBXContainerItemProxy;
			containerPortal = 5701AB821C6916A900D7D9BB /* Project object */;
			proxyType = 1;
			remoteGlobalIDString = 5701AB891C6916A900D7D9BB;
			remoteInfo = TrainingApp;
		};
/* End PBXContainerItemProxy section */

/* Begin PBXCopyFilesBuildPhase section */
		574F62751C6B2C7F00765760 /* CopyFiles */ = {
			isa = PBXCopyFilesBuildPhase;
			buildActionMask = 2147483647;
			dstPath = "";
			dstSubfolderSpec = 10;
			files = (
				F25DAE151CAD47DF00E53301 /* Realm.framework in CopyFiles */,
				F25DAE131CAD47DF00E53301 /* PromiseKit.framework in CopyFiles */,
				F25DAE111CAD47DF00E53301 /* Kinvey.framework in CopyFiles */,
				F25DAE0F1CAD47DF00E53301 /* KeychainAccess.framework in CopyFiles */,
			);
			runOnlyForDeploymentPostprocessing = 0;
		};
/* End PBXCopyFilesBuildPhase section */

/* Begin PBXFileReference section */
		218B9F26CB3273C40F49F4FD /* Pods-TrainingApp.release.xcconfig */ = {isa = PBXFileReference; includeInIndex = 1; lastKnownFileType = text.xcconfig; name = "Pods-TrainingApp.release.xcconfig"; path = "Pods/Target Support Files/Pods-TrainingApp/Pods-TrainingApp.release.xcconfig"; sourceTree = "<group>"; };
		3887632010D2FA9BD11C913D /* Pods_TrainingApp.framework */ = {isa = PBXFileReference; explicitFileType = wrapper.framework; includeInIndex = 0; path = Pods_TrainingApp.framework; sourceTree = BUILT_PRODUCTS_DIR; };
		5701AB8A1C6916A900D7D9BB /* TrainingApp.app */ = {isa = PBXFileReference; explicitFileType = wrapper.application; includeInIndex = 0; path = TrainingApp.app; sourceTree = BUILT_PRODUCTS_DIR; };
		5701ABA01C6916A900D7D9BB /* TrainingApp.xctest */ = {isa = PBXFileReference; explicitFileType = wrapper.cfbundle; includeInIndex = 0; path = TrainingApp.xctest; sourceTree = BUILT_PRODUCTS_DIR; };
		5701ABAB1C6916A900D7D9BB /* TrainingApp.xctest */ = {isa = PBXFileReference; explicitFileType = wrapper.cfbundle; includeInIndex = 0; path = TrainingApp.xctest; sourceTree = BUILT_PRODUCTS_DIR; };
		84E8E20B1CAAE88200F2E0BE /* CollateralsViewController.swift */ = {isa = PBXFileReference; fileEncoding = 4; lastKnownFileType = sourcecode.swift; path = CollateralsViewController.swift; sourceTree = "<group>"; };
		84E936471CAB0AEF002F4BF8 /* FilePreviewViewController.swift */ = {isa = PBXFileReference; fileEncoding = 4; lastKnownFileType = sourcecode.swift; path = FilePreviewViewController.swift; sourceTree = "<group>"; };
		C667CF5F1C80542E007B7567 /* Task.swift */ = {isa = PBXFileReference; fileEncoding = 4; lastKnownFileType = sourcecode.swift; path = Task.swift; sourceTree = "<group>"; };
		C667CF611C805643007B7567 /* TasksViewController.swift */ = {isa = PBXFileReference; fileEncoding = 4; lastKnownFileType = sourcecode.swift; path = TasksViewController.swift; sourceTree = "<group>"; };
		C667CF631C83499A007B7567 /* TaskCell.swift */ = {isa = PBXFileReference; fileEncoding = 4; lastKnownFileType = sourcecode.swift; path = TaskCell.swift; sourceTree = "<group>"; };
		C667CF651C834F49007B7567 /* TaskDetailsViewController.swift */ = {isa = PBXFileReference; fileEncoding = 4; lastKnownFileType = sourcecode.swift; path = TaskDetailsViewController.swift; sourceTree = "<group>"; };
		C667CF671C835970007B7567 /* AddTaskViewController.swift */ = {isa = PBXFileReference; fileEncoding = 4; lastKnownFileType = sourcecode.swift; path = AddTaskViewController.swift; sourceTree = "<group>"; };
		C68100F01C804F540060269B /* TrainingAppTests.swift */ = {isa = PBXFileReference; fileEncoding = 4; lastKnownFileType = sourcecode.swift; path = TrainingAppTests.swift; sourceTree = "<group>"; };
		C68100F11C804F540060269B /* Info.plist */ = {isa = PBXFileReference; fileEncoding = 4; lastKnownFileType = text.plist.xml; path = Info.plist; sourceTree = "<group>"; };
		C68100F51C804F9F0060269B /* Info.plist */ = {isa = PBXFileReference; fileEncoding = 4; lastKnownFileType = text.plist.xml; path = Info.plist; sourceTree = "<group>"; };
		C68100F61C804F9F0060269B /* TrainingAppUITests.swift */ = {isa = PBXFileReference; fileEncoding = 4; lastKnownFileType = sourcecode.swift; path = TrainingAppUITests.swift; sourceTree = "<group>"; };
		C68100FA1C80500C0060269B /* AppDelegate.swift */ = {isa = PBXFileReference; fileEncoding = 4; lastKnownFileType = sourcecode.swift; path = AppDelegate.swift; sourceTree = "<group>"; };
		C68100FB1C80500C0060269B /* Assets.xcassets */ = {isa = PBXFileReference; lastKnownFileType = folder.assetcatalog; path = Assets.xcassets; sourceTree = "<group>"; };
		C68100FD1C80500C0060269B /* Base */ = {isa = PBXFileReference; lastKnownFileType = file.storyboard; name = Base; path = Base.lproj/LaunchScreen.storyboard; sourceTree = "<group>"; };
		C68100FF1C80500C0060269B /* Base */ = {isa = PBXFileReference; lastKnownFileType = file.storyboard; name = Base; path = Base.lproj/Main.storyboard; sourceTree = "<group>"; };
		C68101001C80500C0060269B /* Book.swift */ = {isa = PBXFileReference; fileEncoding = 4; lastKnownFileType = sourcecode.swift; path = Book.swift; sourceTree = "<group>"; };
		C68101021C80500C0060269B /* Info.plist */ = {isa = PBXFileReference; fileEncoding = 4; lastKnownFileType = text.plist.xml; path = Info.plist; sourceTree = "<group>"; };
		C68101031C80500C0060269B /* LoginViewController.swift */ = {isa = PBXFileReference; fileEncoding = 4; lastKnownFileType = sourcecode.swift; path = LoginViewController.swift; sourceTree = "<group>"; };
		C68101051C80500C0060269B /* Partner.swift */ = {isa = PBXFileReference; fileEncoding = 4; lastKnownFileType = sourcecode.swift; path = Partner.swift; sourceTree = "<group>"; };
		C68101061C80500C0060269B /* PartnersViewController.swift */ = {isa = PBXFileReference; fileEncoding = 4; lastKnownFileType = sourcecode.swift; path = PartnersViewController.swift; sourceTree = "<group>"; };
		C68101071C80500C0060269B /* Product.swift */ = {isa = PBXFileReference; fileEncoding = 4; lastKnownFileType = sourcecode.swift; path = Product.swift; sourceTree = "<group>"; };
		C68101081C80500C0060269B /* ProductsViewController.swift */ = {isa = PBXFileReference; fileEncoding = 4; lastKnownFileType = sourcecode.swift; path = ProductsViewController.swift; sourceTree = "<group>"; };
		CCA53723B7B210E84D647E3E /* Pods-TrainingApp.debug.xcconfig */ = {isa = PBXFileReference; includeInIndex = 1; lastKnownFileType = text.xcconfig; name = "Pods-TrainingApp.debug.xcconfig"; path = "Pods/Target Support Files/Pods-TrainingApp/Pods-TrainingApp.debug.xcconfig"; sourceTree = "<group>"; };
		F23E4EE61CBD5CFA0004F75D /* Employee.swift */ = {isa = PBXFileReference; fileEncoding = 4; lastKnownFileType = sourcecode.swift; path = Employee.swift; sourceTree = "<group>"; };
		F23E4EE81CBD5D8D0004F75D /* Media.swift */ = {isa = PBXFileReference; fileEncoding = 4; lastKnownFileType = sourcecode.swift; path = Media.swift; sourceTree = "<group>"; };
		F23E4EEC1CBD5EB10004F75D /* MediaViewController.swift */ = {isa = PBXFileReference; fileEncoding = 4; lastKnownFileType = sourcecode.swift; path = MediaViewController.swift; sourceTree = "<group>"; };
		F25DAE0A1CAD47DF00E53301 /* KeychainAccess.framework */ = {isa = PBXFileReference; lastKnownFileType = wrapper.framework; path = KeychainAccess.framework; sourceTree = "<group>"; };
		F25DAE0B1CAD47DF00E53301 /* Kinvey.framework */ = {isa = PBXFileReference; lastKnownFileType = wrapper.framework; path = Kinvey.framework; sourceTree = "<group>"; };
		F25DAE0C1CAD47DF00E53301 /* PromiseKit.framework */ = {isa = PBXFileReference; lastKnownFileType = wrapper.framework; path = PromiseKit.framework; sourceTree = "<group>"; };
		F25DAE0D1CAD47DF00E53301 /* Realm.framework */ = {isa = PBXFileReference; lastKnownFileType = wrapper.framework; path = Realm.framework; sourceTree = "<group>"; };
		F29DA0751CBD897B00A99224 /* AddMediaViewController.swift */ = {isa = PBXFileReference; fileEncoding = 4; lastKnownFileType = sourcecode.swift; path = AddMediaViewController.swift; sourceTree = "<group>"; };
		F29DA0771CBE8CF700A99224 /* AddPartnerViewController.swift */ = {isa = PBXFileReference; fileEncoding = 4; lastKnownFileType = sourcecode.swift; path = AddPartnerViewController.swift; sourceTree = "<group>"; };
		F29DA0791CBFF0BF00A99224 /* LogoutViewController.swift */ = {isa = PBXFileReference; fileEncoding = 4; lastKnownFileType = sourcecode.swift; path = LogoutViewController.swift; sourceTree = "<group>"; };
/* End PBXFileReference section */

/* Begin PBXFrameworksBuildPhase section */
		5701AB871C6916A900D7D9BB /* Frameworks */ = {
			isa = PBXFrameworksBuildPhase;
			buildActionMask = 2147483647;
			files = (
				F25DAE101CAD47DF00E53301 /* Kinvey.framework in Frameworks */,
				F25DAE0E1CAD47DF00E53301 /* KeychainAccess.framework in Frameworks */,
				EDB7A1859530BD672E0F56D2 /* Pods_TrainingApp.framework in Frameworks */,
				F25DAE121CAD47DF00E53301 /* PromiseKit.framework in Frameworks */,
				F25DAE141CAD47DF00E53301 /* Realm.framework in Frameworks */,
			);
			runOnlyForDeploymentPostprocessing = 0;
		};
		5701AB9D1C6916A900D7D9BB /* Frameworks */ = {
			isa = PBXFrameworksBuildPhase;
			buildActionMask = 2147483647;
			files = (
			);
			runOnlyForDeploymentPostprocessing = 0;
		};
		5701ABA81C6916A900D7D9BB /* Frameworks */ = {
			isa = PBXFrameworksBuildPhase;
			buildActionMask = 2147483647;
			files = (
			);
			runOnlyForDeploymentPostprocessing = 0;
		};
/* End PBXFrameworksBuildPhase section */

/* Begin PBXGroup section */
		5701AB811C6916A900D7D9BB = {
			isa = PBXGroup;
			children = (
				F25DAE0A1CAD47DF00E53301 /* KeychainAccess.framework */,
				F25DAE0B1CAD47DF00E53301 /* Kinvey.framework */,
				F25DAE0C1CAD47DF00E53301 /* PromiseKit.framework */,
				F25DAE0D1CAD47DF00E53301 /* Realm.framework */,
				C68100F91C80500C0060269B /* TrainingApp */,
				C68100EF1C804F540060269B /* TrainingAppTests */,
				C68100F41C804F9F0060269B /* TrainingAppUITests */,
				5701AB8B1C6916A900D7D9BB /* Products */,
				FA5394E248E7AF387541ADF0 /* Pods */,
				A1150CA07CEE33D217D458F5 /* Frameworks */,
			);
			sourceTree = "<group>";
		};
		5701AB8B1C6916A900D7D9BB /* Products */ = {
			isa = PBXGroup;
			children = (
				5701AB8A1C6916A900D7D9BB /* TrainingApp.app */,
				5701ABA01C6916A900D7D9BB /* TrainingApp.xctest */,
				5701ABAB1C6916A900D7D9BB /* TrainingApp.xctest */,
			);
			name = Products;
			sourceTree = "<group>";
		};
		A1150CA07CEE33D217D458F5 /* Frameworks */ = {
			isa = PBXGroup;
			children = (
				3887632010D2FA9BD11C913D /* Pods_TrainingApp.framework */,
			);
			name = Frameworks;
			sourceTree = "<group>";
		};
		C68100EF1C804F540060269B /* TrainingAppTests */ = {
			isa = PBXGroup;
			children = (
				C68100F01C804F540060269B /* TrainingAppTests.swift */,
				C68100F11C804F540060269B /* Info.plist */,
			);
			path = TrainingAppTests;
			sourceTree = "<group>";
		};
		C68100F41C804F9F0060269B /* TrainingAppUITests */ = {
			isa = PBXGroup;
			children = (
				C68100F51C804F9F0060269B /* Info.plist */,
				C68100F61C804F9F0060269B /* TrainingAppUITests.swift */,
			);
			path = TrainingAppUITests;
			sourceTree = "<group>";
		};
		C68100F91C80500C0060269B /* TrainingApp */ = {
			isa = PBXGroup;
			children = (
				C68100FA1C80500C0060269B /* AppDelegate.swift */,
				C68100FB1C80500C0060269B /* Assets.xcassets */,
				C68100FC1C80500C0060269B /* LaunchScreen.storyboard */,
				C68100FE1C80500C0060269B /* Main.storyboard */,
				C68101001C80500C0060269B /* Book.swift */,
				F23E4EE61CBD5CFA0004F75D /* Employee.swift */,
				F23E4EE81CBD5D8D0004F75D /* Media.swift */,
				C68101071C80500C0060269B /* Product.swift */,
				C68101051C80500C0060269B /* Partner.swift */,
				C667CF5F1C80542E007B7567 /* Task.swift */,
				C68101021C80500C0060269B /* Info.plist */,
				C68101031C80500C0060269B /* LoginViewController.swift */,
				C68101081C80500C0060269B /* ProductsViewController.swift */,
				C68101061C80500C0060269B /* PartnersViewController.swift */,
				F29DA0771CBE8CF700A99224 /* AddPartnerViewController.swift */,
				F23E4EEC1CBD5EB10004F75D /* MediaViewController.swift */,
				F29DA0751CBD897B00A99224 /* AddMediaViewController.swift */,
				C667CF631C83499A007B7567 /* TaskCell.swift */,
				C667CF611C805643007B7567 /* TasksViewController.swift */,
				C667CF651C834F49007B7567 /* TaskDetailsViewController.swift */,
				C667CF671C835970007B7567 /* AddTaskViewController.swift */,
				84E8E20B1CAAE88200F2E0BE /* CollateralsViewController.swift */,
				84E936471CAB0AEF002F4BF8 /* FilePreviewViewController.swift */,
				F29DA0791CBFF0BF00A99224 /* LogoutViewController.swift */,
			);
			path = TrainingApp;
			sourceTree = "<group>";
		};
		FA5394E248E7AF387541ADF0 /* Pods */ = {
			isa = PBXGroup;
			children = (
				CCA53723B7B210E84D647E3E /* Pods-TrainingApp.debug.xcconfig */,
				218B9F26CB3273C40F49F4FD /* Pods-TrainingApp.release.xcconfig */,
			);
			name = Pods;
			sourceTree = "<group>";
		};
/* End PBXGroup section */

/* Begin PBXNativeTarget section */
		5701AB891C6916A900D7D9BB /* TrainingApp */ = {
			isa = PBXNativeTarget;
			buildConfigurationList = 5701ABB41C6916A900D7D9BB /* Build configuration list for PBXNativeTarget "TrainingApp" */;
			buildPhases = (
				EAF610F5C7CC6F4D3C748873 /* Check Pods Manifest.lock */,
				5701AB861C6916A900D7D9BB /* Sources */,
				5701AB871C6916A900D7D9BB /* Frameworks */,
				5701AB881C6916A900D7D9BB /* Resources */,
				755FC1A3B7C0836F1DDD3C99 /* Embed Pods Frameworks */,
				91B3576C6121D4B065E17FBA /* Copy Pods Resources */,
				574F62751C6B2C7F00765760 /* CopyFiles */,
			);
			buildRules = (
			);
			dependencies = (
			);
			name = TrainingApp;
			productName = TrainingApp;
			productReference = 5701AB8A1C6916A900D7D9BB /* TrainingApp.app */;
			productType = "com.apple.product-type.application";
		};
		5701AB9F1C6916A900D7D9BB /* TrainingAppTests */ = {
			isa = PBXNativeTarget;
			buildConfigurationList = 5701ABB71C6916A900D7D9BB /* Build configuration list for PBXNativeTarget "TrainingAppTests" */;
			buildPhases = (
				5701AB9C1C6916A900D7D9BB /* Sources */,
				5701AB9D1C6916A900D7D9BB /* Frameworks */,
				5701AB9E1C6916A900D7D9BB /* Resources */,
			);
			buildRules = (
			);
			dependencies = (
				5701ABA21C6916A900D7D9BB /* PBXTargetDependency */,
			);
			name = TrainingAppTests;
			productName = TrainingAppTests;
			productReference = 5701ABA01C6916A900D7D9BB /* TrainingApp.xctest */;
			productType = "com.apple.product-type.bundle.unit-test";
		};
		5701ABAA1C6916A900D7D9BB /* TrainingAppUITests */ = {
			isa = PBXNativeTarget;
			buildConfigurationList = 5701ABBA1C6916A900D7D9BB /* Build configuration list for PBXNativeTarget "TrainingAppUITests" */;
			buildPhases = (
				5701ABA71C6916A900D7D9BB /* Sources */,
				5701ABA81C6916A900D7D9BB /* Frameworks */,
				5701ABA91C6916A900D7D9BB /* Resources */,
			);
			buildRules = (
			);
			dependencies = (
				5701ABAD1C6916A900D7D9BB /* PBXTargetDependency */,
			);
			name = TrainingAppUITests;
			productName = TrainingAppUITests;
			productReference = 5701ABAB1C6916A900D7D9BB /* TrainingApp.xctest */;
			productType = "com.apple.product-type.bundle.ui-testing";
		};
/* End PBXNativeTarget section */

/* Begin PBXProject section */
		5701AB821C6916A900D7D9BB /* Project object */ = {
			isa = PBXProject;
			attributes = {
				LastSwiftUpdateCheck = 0720;
				LastUpgradeCheck = 0720;
				ORGANIZATIONNAME = Kinvey;
				TargetAttributes = {
					5701AB891C6916A900D7D9BB = {
						CreatedOnToolsVersion = 7.2.1;
						DevelopmentTeam = 5W7CYNR7UE;
						SystemCapabilities = {
							com.apple.Push = {
								enabled = 1;
							};
						};
					};
					5701AB9F1C6916A900D7D9BB = {
						CreatedOnToolsVersion = 7.2.1;
						TestTargetID = 5701AB891C6916A900D7D9BB;
					};
					5701ABAA1C6916A900D7D9BB = {
						CreatedOnToolsVersion = 7.2.1;
						TestTargetID = 5701AB891C6916A900D7D9BB;
					};
				};
			};
			buildConfigurationList = 5701AB851C6916A900D7D9BB /* Build configuration list for PBXProject "TrainingApp" */;
			compatibilityVersion = "Xcode 3.2";
			developmentRegion = English;
			hasScannedForEncodings = 0;
			knownRegions = (
				en,
				Base,
			);
			mainGroup = 5701AB811C6916A900D7D9BB;
			productRefGroup = 5701AB8B1C6916A900D7D9BB /* Products */;
			projectDirPath = "";
			projectRoot = "";
			targets = (
				5701AB891C6916A900D7D9BB /* TrainingApp */,
				5701AB9F1C6916A900D7D9BB /* TrainingAppTests */,
				5701ABAA1C6916A900D7D9BB /* TrainingAppUITests */,
			);
		};
/* End PBXProject section */

/* Begin PBXResourcesBuildPhase section */
		5701AB881C6916A900D7D9BB /* Resources */ = {
			isa = PBXResourcesBuildPhase;
			buildActionMask = 2147483647;
			files = (
				C681010A1C80500C0060269B /* Assets.xcassets in Resources */,
				C681010C1C80500C0060269B /* Main.storyboard in Resources */,
				C681010B1C80500C0060269B /* LaunchScreen.storyboard in Resources */,
			);
			runOnlyForDeploymentPostprocessing = 0;
		};
		5701AB9E1C6916A900D7D9BB /* Resources */ = {
			isa = PBXResourcesBuildPhase;
			buildActionMask = 2147483647;
			files = (
			);
			runOnlyForDeploymentPostprocessing = 0;
		};
		5701ABA91C6916A900D7D9BB /* Resources */ = {
			isa = PBXResourcesBuildPhase;
			buildActionMask = 2147483647;
			files = (
			);
			runOnlyForDeploymentPostprocessing = 0;
		};
/* End PBXResourcesBuildPhase section */

/* Begin PBXShellScriptBuildPhase section */
		755FC1A3B7C0836F1DDD3C99 /* Embed Pods Frameworks */ = {
			isa = PBXShellScriptBuildPhase;
			buildActionMask = 2147483647;
			files = (
			);
			inputPaths = (
			);
			name = "Embed Pods Frameworks";
			outputPaths = (
			);
			runOnlyForDeploymentPostprocessing = 0;
			shellPath = /bin/sh;
			shellScript = "\"${SRCROOT}/Pods/Target Support Files/Pods-TrainingApp/Pods-TrainingApp-frameworks.sh\"\n";
			showEnvVarsInLog = 0;
		};
		91B3576C6121D4B065E17FBA /* Copy Pods Resources */ = {
			isa = PBXShellScriptBuildPhase;
			buildActionMask = 2147483647;
			files = (
			);
			inputPaths = (
			);
			name = "Copy Pods Resources";
			outputPaths = (
			);
			runOnlyForDeploymentPostprocessing = 0;
			shellPath = /bin/sh;
			shellScript = "\"${SRCROOT}/Pods/Target Support Files/Pods-TrainingApp/Pods-TrainingApp-resources.sh\"\n";
			showEnvVarsInLog = 0;
		};
		EAF610F5C7CC6F4D3C748873 /* Check Pods Manifest.lock */ = {
			isa = PBXShellScriptBuildPhase;
			buildActionMask = 2147483647;
			files = (
			);
			inputPaths = (
			);
			name = "Check Pods Manifest.lock";
			outputPaths = (
			);
			runOnlyForDeploymentPostprocessing = 0;
			shellPath = /bin/sh;
			shellScript = "diff \"${PODS_ROOT}/../Podfile.lock\" \"${PODS_ROOT}/Manifest.lock\" > /dev/null\nif [[ $? != 0 ]] ; then\n    cat << EOM\nerror: The sandbox is not in sync with the Podfile.lock. Run 'pod install' or update your CocoaPods installation.\nEOM\n    exit 1\nfi\n";
			showEnvVarsInLog = 0;
		};
/* End PBXShellScriptBuildPhase section */

/* Begin PBXSourcesBuildPhase section */
		5701AB861C6916A900D7D9BB /* Sources */ = {
			isa = PBXSourcesBuildPhase;
			buildActionMask = 2147483647;
			files = (
				C68101121C80500C0060269B /* Partner.swift in Sources */,
				84E8E20C1CAAE88200F2E0BE /* CollateralsViewController.swift in Sources */,
				C68101141C80500C0060269B /* Product.swift in Sources */,
				C68101151C80500C0060269B /* ProductsViewController.swift in Sources */,
				C667CF661C834F49007B7567 /* TaskDetailsViewController.swift in Sources */,
				C667CF641C83499A007B7567 /* TaskCell.swift in Sources */,
				F29DA0761CBD897B00A99224 /* AddMediaViewController.swift in Sources */,
				F23E4EED1CBD5EB10004F75D /* MediaViewController.swift in Sources */,
				F23E4EE91CBD5D8D0004F75D /* Media.swift in Sources */,
				C68101131C80500C0060269B /* PartnersViewController.swift in Sources */,
				C681010D1C80500C0060269B /* Book.swift in Sources */,
				C68101091C80500C0060269B /* AppDelegate.swift in Sources */,
				F29DA0781CBE8CF700A99224 /* AddPartnerViewController.swift in Sources */,
				C68101101C80500C0060269B /* LoginViewController.swift in Sources */,
				C667CF601C80542E007B7567 /* Task.swift in Sources */,
				C667CF621C805643007B7567 /* TasksViewController.swift in Sources */,
				C667CF681C835970007B7567 /* AddTaskViewController.swift in Sources */,
				F23E4EE71CBD5CFA0004F75D /* Employee.swift in Sources */,
				F29DA07A1CBFF0BF00A99224 /* LogoutViewController.swift in Sources */,
				84E936481CAB0AEF002F4BF8 /* FilePreviewViewController.swift in Sources */,
			);
			runOnlyForDeploymentPostprocessing = 0;
		};
		5701AB9C1C6916A900D7D9BB /* Sources */ = {
			isa = PBXSourcesBuildPhase;
			buildActionMask = 2147483647;
			files = (
				C68100F21C804F540060269B /* TrainingAppTests.swift in Sources */,
			);
			runOnlyForDeploymentPostprocessing = 0;
		};
		5701ABA71C6916A900D7D9BB /* Sources */ = {
			isa = PBXSourcesBuildPhase;
			buildActionMask = 2147483647;
			files = (
				C68100F81C804F9F0060269B /* TrainingAppUITests.swift in Sources */,
			);
			runOnlyForDeploymentPostprocessing = 0;
		};
/* End PBXSourcesBuildPhase section */

/* Begin PBXTargetDependency section */
		5701ABA21C6916A900D7D9BB /* PBXTargetDependency */ = {
			isa = PBXTargetDependency;
			target = 5701AB891C6916A900D7D9BB /* TrainingApp */;
			targetProxy = 5701ABA11C6916A900D7D9BB /* PBXContainerItemProxy */;
		};
		5701ABAD1C6916A900D7D9BB /* PBXTargetDependency */ = {
			isa = PBXTargetDependency;
			target = 5701AB891C6916A900D7D9BB /* TrainingApp */;
			targetProxy = 5701ABAC1C6916A900D7D9BB /* PBXContainerItemProxy */;
		};
/* End PBXTargetDependency section */

/* Begin PBXVariantGroup section */
		C68100FC1C80500C0060269B /* LaunchScreen.storyboard */ = {
			isa = PBXVariantGroup;
			children = (
				C68100FD1C80500C0060269B /* Base */,
			);
			name = LaunchScreen.storyboard;
			sourceTree = "<group>";
		};
		C68100FE1C80500C0060269B /* Main.storyboard */ = {
			isa = PBXVariantGroup;
			children = (
				C68100FF1C80500C0060269B /* Base */,
			);
			name = Main.storyboard;
			sourceTree = "<group>";
		};
/* End PBXVariantGroup section */

/* Begin XCBuildConfiguration section */
		5701ABB21C6916A900D7D9BB /* Debug */ = {
			isa = XCBuildConfiguration;
			buildSettings = {
				ALWAYS_SEARCH_USER_PATHS = NO;
				CLANG_CXX_LANGUAGE_STANDARD = "gnu++0x";
				CLANG_CXX_LIBRARY = "libc++";
				CLANG_ENABLE_MODULES = YES;
				CLANG_ENABLE_OBJC_ARC = YES;
				CLANG_WARN_BOOL_CONVERSION = YES;
				CLANG_WARN_CONSTANT_CONVERSION = YES;
				CLANG_WARN_DIRECT_OBJC_ISA_USAGE = YES_ERROR;
				CLANG_WARN_EMPTY_BODY = YES;
				CLANG_WARN_ENUM_CONVERSION = YES;
				CLANG_WARN_INT_CONVERSION = YES;
				CLANG_WARN_OBJC_ROOT_CLASS = YES_ERROR;
				CLANG_WARN_UNREACHABLE_CODE = YES;
				CLANG_WARN__DUPLICATE_METHOD_MATCH = YES;
				"CODE_SIGN_IDENTITY[sdk=iphoneos*]" = "iPhone Developer";
				COPY_PHASE_STRIP = NO;
				DEBUG_INFORMATION_FORMAT = dwarf;
				ENABLE_STRICT_OBJC_MSGSEND = YES;
				ENABLE_TESTABILITY = YES;
				GCC_C_LANGUAGE_STANDARD = gnu99;
				GCC_DYNAMIC_NO_PIC = NO;
				GCC_NO_COMMON_BLOCKS = YES;
				GCC_OPTIMIZATION_LEVEL = 0;
				GCC_PREPROCESSOR_DEFINITIONS = (
					"DEBUG=1",
					"$(inherited)",
				);
				GCC_WARN_64_TO_32_BIT_CONVERSION = YES;
				GCC_WARN_ABOUT_RETURN_TYPE = YES_ERROR;
				GCC_WARN_UNDECLARED_SELECTOR = YES;
				GCC_WARN_UNINITIALIZED_AUTOS = YES_AGGRESSIVE;
				GCC_WARN_UNUSED_FUNCTION = YES;
				GCC_WARN_UNUSED_VARIABLE = YES;
				IPHONEOS_DEPLOYMENT_TARGET = 9.2;
				MTL_ENABLE_DEBUG_INFO = YES;
				ONLY_ACTIVE_ARCH = YES;
				SDKROOT = iphoneos;
				SWIFT_OPTIMIZATION_LEVEL = "-Onone";
				TARGETED_DEVICE_FAMILY = "1,2";
			};
			name = Debug;
		};
		5701ABB31C6916A900D7D9BB /* Release */ = {
			isa = XCBuildConfiguration;
			buildSettings = {
				ALWAYS_SEARCH_USER_PATHS = NO;
				CLANG_CXX_LANGUAGE_STANDARD = "gnu++0x";
				CLANG_CXX_LIBRARY = "libc++";
				CLANG_ENABLE_MODULES = YES;
				CLANG_ENABLE_OBJC_ARC = YES;
				CLANG_WARN_BOOL_CONVERSION = YES;
				CLANG_WARN_CONSTANT_CONVERSION = YES;
				CLANG_WARN_DIRECT_OBJC_ISA_USAGE = YES_ERROR;
				CLANG_WARN_EMPTY_BODY = YES;
				CLANG_WARN_ENUM_CONVERSION = YES;
				CLANG_WARN_INT_CONVERSION = YES;
				CLANG_WARN_OBJC_ROOT_CLASS = YES_ERROR;
				CLANG_WARN_UNREACHABLE_CODE = YES;
				CLANG_WARN__DUPLICATE_METHOD_MATCH = YES;
				"CODE_SIGN_IDENTITY[sdk=iphoneos*]" = "iPhone Developer";
				COPY_PHASE_STRIP = NO;
				DEBUG_INFORMATION_FORMAT = "dwarf-with-dsym";
				ENABLE_NS_ASSERTIONS = NO;
				ENABLE_STRICT_OBJC_MSGSEND = YES;
				GCC_C_LANGUAGE_STANDARD = gnu99;
				GCC_NO_COMMON_BLOCKS = YES;
				GCC_WARN_64_TO_32_BIT_CONVERSION = YES;
				GCC_WARN_ABOUT_RETURN_TYPE = YES_ERROR;
				GCC_WARN_UNDECLARED_SELECTOR = YES;
				GCC_WARN_UNINITIALIZED_AUTOS = YES_AGGRESSIVE;
				GCC_WARN_UNUSED_FUNCTION = YES;
				GCC_WARN_UNUSED_VARIABLE = YES;
				IPHONEOS_DEPLOYMENT_TARGET = 9.2;
				MTL_ENABLE_DEBUG_INFO = NO;
				SDKROOT = iphoneos;
				TARGETED_DEVICE_FAMILY = "1,2";
				VALIDATE_PRODUCT = YES;
			};
			name = Release;
		};
		5701ABB51C6916A900D7D9BB /* Debug */ = {
			isa = XCBuildConfiguration;
			baseConfigurationReference = CCA53723B7B210E84D647E3E /* Pods-TrainingApp.debug.xcconfig */;
			buildSettings = {
				ASSETCATALOG_COMPILER_APPICON_NAME = AppIcon;
				FRAMEWORK_SEARCH_PATHS = (
					"$(inherited)",
					"$(PROJECT_DIR)",
				);
				INFOPLIST_FILE = TrainingApp/Info.plist;
				LD_RUNPATH_SEARCH_PATHS = "$(inherited) @executable_path/Frameworks";
				PRODUCT_BUNDLE_IDENTIFIER = com.kinvey.training;
				PRODUCT_NAME = TrainingApp;
			};
			name = Debug;
		};
		5701ABB61C6916A900D7D9BB /* Release */ = {
			isa = XCBuildConfiguration;
			baseConfigurationReference = 218B9F26CB3273C40F49F4FD /* Pods-TrainingApp.release.xcconfig */;
			buildSettings = {
				ASSETCATALOG_COMPILER_APPICON_NAME = AppIcon;
				FRAMEWORK_SEARCH_PATHS = (
					"$(inherited)",
					"$(PROJECT_DIR)",
				);
				INFOPLIST_FILE = TrainingApp/Info.plist;
				LD_RUNPATH_SEARCH_PATHS = "$(inherited) @executable_path/Frameworks";
				PRODUCT_BUNDLE_IDENTIFIER = com.kinvey.training;
				PRODUCT_NAME = TrainingApp;
			};
			name = Release;
		};
		5701ABB81C6916A900D7D9BB /* Debug */ = {
			isa = XCBuildConfiguration;
			buildSettings = {
				BUNDLE_LOADER = "$(TEST_HOST)";
				INFOPLIST_FILE = TrainingAppTests/Info.plist;
				LD_RUNPATH_SEARCH_PATHS = "$(inherited) @executable_path/Frameworks @loader_path/Frameworks";
				PRODUCT_BUNDLE_IDENTIFIER = com.kinvey.TrainingAppTests;
				PRODUCT_NAME = TrainingApp;
				TEST_HOST = "$(BUILT_PRODUCTS_DIR)/TrainingApp.app/TrainingApp";
			};
			name = Debug;
		};
		5701ABB91C6916A900D7D9BB /* Release */ = {
			isa = XCBuildConfiguration;
			buildSettings = {
				BUNDLE_LOADER = "$(TEST_HOST)";
				INFOPLIST_FILE = TrainingAppTests/Info.plist;
				LD_RUNPATH_SEARCH_PATHS = "$(inherited) @executable_path/Frameworks @loader_path/Frameworks";
				PRODUCT_BUNDLE_IDENTIFIER = com.kinvey.TrainingAppTests;
				PRODUCT_NAME = TrainingApp;
				TEST_HOST = "$(BUILT_PRODUCTS_DIR)/TrainingApp.app/TrainingApp";
			};
			name = Release;
		};
		5701ABBB1C6916A900D7D9BB /* Debug */ = {
			isa = XCBuildConfiguration;
			buildSettings = {
				INFOPLIST_FILE = TrainingAppUITests/Info.plist;
				LD_RUNPATH_SEARCH_PATHS = "$(inherited) @executable_path/Frameworks @loader_path/Frameworks";
				PRODUCT_BUNDLE_IDENTIFIER = com.kinvey.TrainingAppUITests;
				PRODUCT_NAME = TrainingApp;
				TEST_TARGET_NAME = TrainingApp;
				USES_XCTRUNNER = YES;
			};
			name = Debug;
		};
		5701ABBC1C6916A900D7D9BB /* Release */ = {
			isa = XCBuildConfiguration;
			buildSettings = {
				INFOPLIST_FILE = TrainingAppUITests/Info.plist;
				LD_RUNPATH_SEARCH_PATHS = "$(inherited) @executable_path/Frameworks @loader_path/Frameworks";
				PRODUCT_BUNDLE_IDENTIFIER = com.kinvey.TrainingAppUITests;
				PRODUCT_NAME = TrainingApp;
				TEST_TARGET_NAME = TrainingApp;
				USES_XCTRUNNER = YES;
			};
			name = Release;
		};
/* End XCBuildConfiguration section */

/* Begin XCConfigurationList section */
		5701AB851C6916A900D7D9BB /* Build configuration list for PBXProject "TrainingApp" */ = {
			isa = XCConfigurationList;
			buildConfigurations = (
				5701ABB21C6916A900D7D9BB /* Debug */,
				5701ABB31C6916A900D7D9BB /* Release */,
			);
			defaultConfigurationIsVisible = 0;
			defaultConfigurationName = Release;
		};
		5701ABB41C6916A900D7D9BB /* Build configuration list for PBXNativeTarget "TrainingApp" */ = {
			isa = XCConfigurationList;
			buildConfigurations = (
				5701ABB51C6916A900D7D9BB /* Debug */,
				5701ABB61C6916A900D7D9BB /* Release */,
			);
			defaultConfigurationIsVisible = 0;
			defaultConfigurationName = Release;
		};
		5701ABB71C6916A900D7D9BB /* Build configuration list for PBXNativeTarget "TrainingAppTests" */ = {
			isa = XCConfigurationList;
			buildConfigurations = (
				5701ABB81C6916A900D7D9BB /* Debug */,
				5701ABB91C6916A900D7D9BB /* Release */,
			);
			defaultConfigurationIsVisible = 0;
			defaultConfigurationName = Release;
		};
		5701ABBA1C6916A900D7D9BB /* Build configuration list for PBXNativeTarget "TrainingAppUITests" */ = {
			isa = XCConfigurationList;
			buildConfigurations = (
				5701ABBB1C6916A900D7D9BB /* Debug */,
				5701ABBC1C6916A900D7D9BB /* Release */,
			);
			defaultConfigurationIsVisible = 0;
			defaultConfigurationName = Release;
		};
/* End XCConfigurationList section */
	};
	rootObject = 5701AB821C6916A900D7D9BB /* Project object */;
}
